
Microsoft Visual Studio Solution File, Format Version 12.00
# Visual Studio Version 17
VisualStudioVersion = 17.9.34723.18
MinimumVisualStudioVersion = 10.0.40219.1
Project("{9A19103F-16F7-4668-BE54-9A1E7A4F7556}") = "Api", "Api.csproj", "{B860089E-ADC0-4519-A6FE-A46349B355C7}"
EndProject
Global
	GlobalSection(SolutionConfigurationPlatforms) = preSolution
		Debug|Any CPU = Debug|Any CPU
		Release|Any CPU = Release|Any CPU
	EndGlobalSection
	GlobalSection(ProjectConfigurationPlatforms) = postSolution
		{B860089E-ADC0-4519-A6FE-A46349B355C7}.Debug|Any CPU.ActiveCfg = Debug|Any CPU
		{B860089E-ADC0-4519-A6FE-A46349B355C7}.Debug|Any CPU.Build.0 = Debug|Any CPU
		{B860089E-ADC0-4519-A6FE-A46349B355C7}.Release|Any CPU.ActiveCfg = Release|Any CPU
		{B860089E-ADC0-4519-A6FE-A46349B355C7}.Release|Any CPU.Build.0 = Release|Any CPU
	EndGlobalSection
	GlobalSection(SolutionProperties) = preSolution
		HideSolutionNode = FALSE
	EndGlobalSection
	GlobalSection(ExtensibilityGlobals) = postSolution
		SolutionGuid = {7FC37B51-4F81-41AE-8061-845C147097ED}
	EndGlobalSection
EndGlobal
